
Microsoft Visual Studio Solution File, Format Version 12.00
# Visual Studio 15
VisualStudioVersion = 15.0.28010.2046
MinimumVisualStudioVersion = 10.0.40219.1
Project("{FAE04EC0-301F-11D3-BF4B-00C04F79EFBC}") = "EJ1", "EJ1\EJ1.csproj", "{8ADB5B7B-62FC-4D0E-BDE7-CAD1CB9A887B}"
EndProject
Global
	GlobalSection(SolutionConfigurationPlatforms) = preSolution
		Debug|Any CPU = Debug|Any CPU
		Release|Any CPU = Release|Any CPU
	EndGlobalSection
	GlobalSection(ProjectConfigurationPlatforms) = postSolution
		{8ADB5B7B-62FC-4D0E-BDE7-CAD1CB9A887B}.Debug|Any CPU.ActiveCfg = Debug|Any CPU
		{8ADB5B7B-62FC-4D0E-BDE7-CAD1CB9A887B}.Debug|Any CPU.Build.0 = Debug|Any CPU
		{8ADB5B7B-62FC-4D0E-BDE7-CAD1CB9A887B}.Release|Any CPU.ActiveCfg = Release|Any CPU
		{8ADB5B7B-62FC-4D0E-BDE7-CAD1CB9A887B}.Release|Any CPU.Build.0 = Release|Any CPU
	EndGlobalSection
	GlobalSection(SolutionProperties) = preSolution
		HideSolutionNode = FALSE
	EndGlobalSection
	GlobalSection(ExtensibilityGlobals) = postSolution
		SolutionGuid = {39721C02-6754-45CD-B278-8B73F09BACF0}
	EndGlobalSection
EndGlobal
